
Microsoft Visual Studio Solution File, Format Version 12.00
# Visual Studio Version 16
VisualStudioVersion = 16.0.31702.278
MinimumVisualStudioVersion = 10.0.40219.1
Project("{FAE04EC0-301F-11D3-BF4B-00C04F79EFBC}") = "LinearExpressions", "LinearExpressions\LinearExpressions.csproj", "{4EB1D560-6A47-4342-8F95-9A39B20AF88D}"
EndProject
Project("{FAE04EC0-301F-11D3-BF4B-00C04F79EFBC}") = "QuadraticEquation", "QuadraticEquation\QuadraticEquation.csproj", "{75B7920B-0C6A-444B-93B6-3713A8044EFB}"
EndProject
Global
	GlobalSection(SolutionConfigurationPlatforms) = preSolution
		Debug|Any CPU = Debug|Any CPU
		Release|Any CPU = Release|Any CPU
	EndGlobalSection
	GlobalSection(ProjectConfigurationPlatforms) = postSolution
		{4EB1D560-6A47-4342-8F95-9A39B20AF88D}.Debug|Any CPU.ActiveCfg = Debug|Any CPU
		{4EB1D560-6A47-4342-8F95-9A39B20AF88D}.Debug|Any CPU.Build.0 = Debug|Any CPU
		{4EB1D560-6A47-4342-8F95-9A39B20AF88D}.Release|Any CPU.ActiveCfg = Release|Any CPU
		{4EB1D560-6A47-4342-8F95-9A39B20AF88D}.Release|Any CPU.Build.0 = Release|Any CPU
		{75B7920B-0C6A-444B-93B6-3713A8044EFB}.Debug|Any CPU.ActiveCfg = Debug|Any CPU
		{75B7920B-0C6A-444B-93B6-3713A8044EFB}.Debug|Any CPU.Build.0 = Debug|Any CPU
		{75B7920B-0C6A-444B-93B6-3713A8044EFB}.Release|Any CPU.ActiveCfg = Release|Any CPU
		{75B7920B-0C6A-444B-93B6-3713A8044EFB}.Release|Any CPU.Build.0 = Release|Any CPU
	EndGlobalSection
	GlobalSection(SolutionProperties) = preSolution
		HideSolutionNode = FALSE
	EndGlobalSection
	GlobalSection(ExtensibilityGlobals) = postSolution
		SolutionGuid = {690B04FC-7734-4189-9073-45FBF2D701A9}
	EndGlobalSection
EndGlobal
